
Microsoft Visual Studio Solution File, Format Version 12.00
# Visual Studio Version 16
VisualStudioVersion = 16.0.31424.327
MinimumVisualStudioVersion = 10.0.40219.1
Project("{FAE04EC0-301F-11D3-BF4B-00C04F79EFBC}") = "Reddit2Video", "Reddit2Video\Reddit2Video.csproj", "{BA1EF135-8B30-45C8-A945-68552AA109F6}"
EndProject
Global
	GlobalSection(SolutionConfigurationPlatforms) = preSolution
		Debug|Any CPU = Debug|Any CPU
		Release|Any CPU = Release|Any CPU
	EndGlobalSection
	GlobalSection(ProjectConfigurationPlatforms) = postSolution
		{BA1EF135-8B30-45C8-A945-68552AA109F6}.Debug|Any CPU.ActiveCfg = Debug|Any CPU
		{BA1EF135-8B30-45C8-A945-68552AA109F6}.Debug|Any CPU.Build.0 = Debug|Any CPU
		{BA1EF135-8B30-45C8-A945-68552AA109F6}.Release|Any CPU.ActiveCfg = Release|Any CPU
		{BA1EF135-8B30-45C8-A945-68552AA109F6}.Release|Any CPU.Build.0 = Release|Any CPU
	EndGlobalSection
	GlobalSection(SolutionProperties) = preSolution
		HideSolutionNode = FALSE
	EndGlobalSection
	GlobalSection(ExtensibilityGlobals) = postSolution
		SolutionGuid = {42AE5208-693B-448E-821C-022AD31F5364}
	EndGlobalSection
EndGlobal
